
Microsoft Visual Studio Solution File, Format Version 12.00
# Visual Studio 14
VisualStudioVersion = 14.0.25420.1
MinimumVisualStudioVersion = 10.0.40219.1
Project("{FAE04EC0-301F-11D3-BF4B-00C04F79EFBC}") = "SuperShoes.Api", "SuperShoes.Api\SuperShoes.Api.csproj", "{110745E8-6004-46CA-8499-6977998C0408}"
EndProject
Project("{FAE04EC0-301F-11D3-BF4B-00C04F79EFBC}") = "SuperShoes", "SuperShoes\SuperShoes.csproj", "{800E53F9-FE66-40A6-96EA-341A0BEFDAAD}"
EndProject
Project("{FAE04EC0-301F-11D3-BF4B-00C04F79EFBC}") = "SuperShoes.Repositories", "SuperShoes.Repositories\SuperShoes.Repositories.csproj", "{2F3EBD68-A714-457C-96EA-EB28E71CE744}"
EndProject
Project("{FAE04EC0-301F-11D3-BF4B-00C04F79EFBC}") = "SuperShoes.Domain", "SuperShoes.Domain\SuperShoes.Domain.csproj", "{6E94DC5A-67B9-40FE-BAC9-E4EFB767AE58}"
EndProject
Project("{FAE04EC0-301F-11D3-BF4B-00C04F79EFBC}") = "SuperShoes.Services", "SuperShoes.Services\SuperShoes.Services.csproj", "{854F89D5-77CD-4587-9275-D2C89D4DC5E8}"
EndProject
Global
	GlobalSection(SolutionConfigurationPlatforms) = preSolution
		Debug|Any CPU = Debug|Any CPU
		Release|Any CPU = Release|Any CPU
	EndGlobalSection
	GlobalSection(ProjectConfigurationPlatforms) = postSolution
		{110745E8-6004-46CA-8499-6977998C0408}.Debug|Any CPU.ActiveCfg = Debug|Any CPU
		{110745E8-6004-46CA-8499-6977998C0408}.Debug|Any CPU.Build.0 = Debug|Any CPU
		{110745E8-6004-46CA-8499-6977998C0408}.Release|Any CPU.ActiveCfg = Release|Any CPU
		{110745E8-6004-46CA-8499-6977998C0408}.Release|Any CPU.Build.0 = Release|Any CPU
		{800E53F9-FE66-40A6-96EA-341A0BEFDAAD}.Debug|Any CPU.ActiveCfg = Debug|Any CPU
		{800E53F9-FE66-40A6-96EA-341A0BEFDAAD}.Debug|Any CPU.Build.0 = Debug|Any CPU
		{800E53F9-FE66-40A6-96EA-341A0BEFDAAD}.Release|Any CPU.ActiveCfg = Release|Any CPU
		{800E53F9-FE66-40A6-96EA-341A0BEFDAAD}.Release|Any CPU.Build.0 = Release|Any CPU
		{2F3EBD68-A714-457C-96EA-EB28E71CE744}.Debug|Any CPU.ActiveCfg = Debug|Any CPU
		{2F3EBD68-A714-457C-96EA-EB28E71CE744}.Debug|Any CPU.Build.0 = Debug|Any CPU
		{2F3EBD68-A714-457C-96EA-EB28E71CE744}.Release|Any CPU.ActiveCfg = Release|Any CPU
		{2F3EBD68-A714-457C-96EA-EB28E71CE744}.Release|Any CPU.Build.0 = Release|Any CPU
		{6E94DC5A-67B9-40FE-BAC9-E4EFB767AE58}.Debug|Any CPU.ActiveCfg = Debug|Any CPU
		{6E94DC5A-67B9-40FE-BAC9-E4EFB767AE58}.Debug|Any CPU.Build.0 = Debug|Any CPU
		{6E94DC5A-67B9-40FE-BAC9-E4EFB767AE58}.Release|Any CPU.ActiveCfg = Release|Any CPU
		{6E94DC5A-67B9-40FE-BAC9-E4EFB767AE58}.Release|Any CPU.Build.0 = Release|Any CPU
		{854F89D5-77CD-4587-9275-D2C89D4DC5E8}.Debug|Any CPU.ActiveCfg = Debug|Any CPU
		{854F89D5-77CD-4587-9275-D2C89D4DC5E8}.Debug|Any CPU.Build.0 = Debug|Any CPU
		{854F89D5-77CD-4587-9275-D2C89D4DC5E8}.Release|Any CPU.ActiveCfg = Release|Any CPU
		{854F89D5-77CD-4587-9275-D2C89D4DC5E8}.Release|Any CPU.Build.0 = Release|Any CPU
	EndGlobalSection
	GlobalSection(SolutionProperties) = preSolution
		HideSolutionNode = FALSE
	EndGlobalSection
EndGlobal
